<?xml version="1.0" encoding="utf-8"?>
<Project ToolsVersion="4.0" xmlns="http://schemas.microsoft.com/developer/msbuild/2003">
  <ItemGroup>
    <ClCompile Include="..\platform_linux.cpp" />
    <ClCompile Include="..\platform_win32.cpp" />
    <ClCompile Include="..\CommandLine.cpp" />
  </ItemGroup>
  <ItemGroup>
    <ClInclude Include="..\..\public\tier0\fasttimer.h" />
    <ClInclude Include="..\..\public\tier0\ICommandLine.h" />
    <ClInclude Include="..\..\public\tier0\mem.h" />
    <ClInclude Include="..\..\public\tier0\memalloc.h" />
    <ClInclude Include="..\..\public\tier0\memdbgoff.h" />
    <ClInclude Include="..\..\public\tier0\memdbgon.h" />
    <ClInclude Include="..\..\public\tier0\platform.h" />
  </ItemGroup>
</Project>