<?xml version="1.0" encoding="utf-8"?>
<Project ToolsVersion="4.0" xmlns="http://schemas.microsoft.com/developer/msbuild/2003">
  <ItemGroup>
    <Filter Include="render">
      <UniqueIdentifier>{21d48aad-4d68-4ebf-85c5-b84a8f566650}</UniqueIdentifier>
    </Filter>
    <Filter Include="console">
      <UniqueIdentifier>{4472874e-3f38-4bde-8e09-7dd5af4f1129}</UniqueIdentifier>
    </Filter>
    <Filter Include="client">
      <UniqueIdentifier>{3a4dbd4a-63ad-49c3-bf1c-2aac7d973e34}</UniqueIdentifier>
    </Filter>
    <Filter Include="server">
      <UniqueIdentifier>{0fe722b4-9473-4a72-8536-f60babf2d0f4}</UniqueIdentifier>
    </Filter>
    <Filter Include="math">
      <UniqueIdentifier>{4a1c02dd-daab-4c56-8b44-9172a6318c4f}</UniqueIdentifier>
    </Filter>
    <Filter Include="physics">
      <UniqueIdentifier>{4f6e6e4f-dda0-4039-b172-414fc3aa43f6}</UniqueIdentifier>
    </Filter>
    <Filter Include="sound">
      <UniqueIdentifier>{b80822a8-0840-4c92-9812-5bcf6093b124}</UniqueIdentifier>
    </Filter>
    <Filter Include="input">
      <UniqueIdentifier>{5c1b8b4a-063b-4d01-99b9-ae674cadf66e}</UniqueIdentifier>
    </Filter>
    <Filter Include="graphics">
      <UniqueIdentifier>{5b8dbd8a-1bd4-4178-bce8-2b864ad78325}</UniqueIdentifier>
    </Filter>
    <Filter Include="video">
      <UniqueIdentifier>{2c780663-a997-45d7-a883-673bcdec6369}</UniqueIdentifier>
    </Filter>
    <Filter Include="filesystem">
      <UniqueIdentifier>{8707d5d3-b3ef-4ebe-9198-5ff7bb72078d}</UniqueIdentifier>
    </Filter>
    <Filter Include="memory">
      <UniqueIdentifier>{a54edaa9-9efc-4ac2-9769-2d3ee4447590}</UniqueIdentifier>
    </Filter>
    <Filter Include="network">
      <UniqueIdentifier>{b0c580c2-efe9-4e5a-a790-e9bb86a37053}</UniqueIdentifier>
    </Filter>
    <Filter Include="system">
      <UniqueIdentifier>{dcf4e4b8-185c-4988-af99-dbd38cf1eb4a}</UniqueIdentifier>
    </Filter>
    <Filter Include="world">
      <UniqueIdentifier>{4a2621d5-2041-4f07-9ca6-4d27a116ed6c}</UniqueIdentifier>
    </Filter>
  </ItemGroup>
  <ItemGroup>
    <ClCompile Include="..\filesystem\filesystem.cpp">
      <Filter>filesystem</Filter>
    </ClCompile>
    <ClCompile Include="..\filesystem\filesystem_internal.cpp">
      <Filter>filesystem</Filter>
    </ClCompile>
    <ClCompile Include="..\filesystem\hashpak.cpp">
      <Filter>filesystem</Filter>
    </ClCompile>
    <ClCompile Include="..\filesystem\wad.cpp">
      <Filter>filesystem</Filter>
    </ClCompile>
    <ClCompile Include="..\input\in_win.cpp">
      <Filter>input</Filter>
    </ClCompile>
    <ClCompile Include="..\input\keys.cpp">
      <Filter>input</Filter>
    </ClCompile>
    <ClCompile Include="..\math\crc.cpp">
      <Filter>math</Filter>
    </ClCompile>
    <ClCompile Include="..\math\mathlib.cpp">
      <Filter>math</Filter>
    </ClCompile>
    <ClCompile Include="..\math\sse_mathfun.cpp">
      <Filter>math</Filter>
    </ClCompile>
    <ClCompile Include="..\console\cmd.cpp">
      <Filter>console</Filter>
    </ClCompile>
    <ClCompile Include="..\console\console.cpp">
      <Filter>console</Filter>
    </ClCompile>
    <ClCompile Include="..\console\cvar.cpp">
      <Filter>console</Filter>
    </ClCompile>
    <ClCompile Include="..\client\cl_cam.cpp">
      <Filter>client</Filter>
    </ClCompile>
    <ClCompile Include="..\client\cl_demo.cpp">
      <Filter>client</Filter>
    </ClCompile>
    <ClCompile Include="..\client\cl_ents.cpp">
      <Filter>client</Filter>
    </ClCompile>
    <ClCompile Include="..\client\cl_input.cpp">
      <Filter>client</Filter>
    </ClCompile>
    <ClCompile Include="..\client\cl_main.cpp">
      <Filter>client</Filter>
    </ClCompile>
    <ClCompile Include="..\client\cl_null.cpp">
      <Filter>client</Filter>
    </ClCompile>
    <ClCompile Include="..\client\cl_parse.cpp">
      <Filter>client</Filter>
    </ClCompile>
    <ClCompile Include="..\client\cl_pred.cpp">
      <Filter>client</Filter>
    </ClCompile>
    <ClCompile Include="..\client\cl_tent.cpp">
      <Filter>client</Filter>
    </ClCompile>
    <ClCompile Include="..\graphics\gl_draw.cpp">
      <Filter>graphics</Filter>
    </ClCompile>
    <ClCompile Include="..\graphics\gl_mesh.cpp">
      <Filter>graphics</Filter>
    </ClCompile>
    <ClCompile Include="..\graphics\gl_model.cpp">
      <Filter>graphics</Filter>
    </ClCompile>
    <ClCompile Include="..\graphics\gl_ngraph.cpp">
      <Filter>graphics</Filter>
    </ClCompile>
    <ClCompile Include="..\graphics\gl_refrag.cpp">
      <Filter>graphics</Filter>
    </ClCompile>
    <ClCompile Include="..\graphics\gl_rlight.cpp">
      <Filter>graphics</Filter>
    </ClCompile>
    <ClCompile Include="..\graphics\gl_rmain.cpp">
      <Filter>graphics</Filter>
    </ClCompile>
    <ClCompile Include="..\graphics\gl_rmisc.cpp">
      <Filter>graphics</Filter>
    </ClCompile>
    <ClCompile Include="..\graphics\gl_rsurf.cpp">
      <Filter>graphics</Filter>
    </ClCompile>
    <ClCompile Include="..\graphics\gl_screen.cpp">
      <Filter>graphics</Filter>
    </ClCompile>
    <ClCompile Include="..\graphics\gl_test.cpp">
      <Filter>graphics</Filter>
    </ClCompile>
    <ClCompile Include="..\graphics\gl_vidlinux.cpp">
      <Filter>graphics</Filter>
    </ClCompile>
    <ClCompile Include="..\graphics\gl_vidlinux_svga.cpp">
      <Filter>graphics</Filter>
    </ClCompile>
    <ClCompile Include="..\graphics\gl_vidlinux_x11.cpp">
      <Filter>graphics</Filter>
    </ClCompile>
    <ClCompile Include="..\graphics\gl_vidlinuxglx.cpp">
      <Filter>graphics</Filter>
    </ClCompile>
    <ClCompile Include="..\graphics\gl_vidnt.cpp">
      <Filter>graphics</Filter>
    </ClCompile>
    <ClCompile Include="..\graphics\gl_warp.cpp">
      <Filter>graphics</Filter>
    </ClCompile>
    <ClCompile Include="..\sound\snd_dma.cpp">
      <Filter>sound</Filter>
    </ClCompile>
    <ClCompile Include="..\sound\snd_mem.cpp">
      <Filter>sound</Filter>
    </ClCompile>
    <ClCompile Include="..\sound\snd_mix.cpp">
      <Filter>sound</Filter>
    </ClCompile>
    <ClCompile Include="..\sound\snd_win.cpp">
      <Filter>sound</Filter>
    </ClCompile>
    <ClCompile Include="..\video\vid_svgalib.cpp">
      <Filter>video</Filter>
    </ClCompile>
    <ClCompile Include="..\video\vid_win.cpp">
      <Filter>video</Filter>
    </ClCompile>
    <ClCompile Include="..\physics\pmove.cpp">
      <Filter>physics</Filter>
    </ClCompile>
    <ClCompile Include="..\physics\pmovetst.cpp">
      <Filter>physics</Filter>
    </ClCompile>
    <ClCompile Include="..\network\delta.cpp">
      <Filter>network</Filter>
    </ClCompile>
    <ClCompile Include="..\network\delta_jit.cpp">
      <Filter>network</Filter>
    </ClCompile>
    <ClCompile Include="..\network\ipratelimit.cpp">
      <Filter>network</Filter>
    </ClCompile>
    <ClCompile Include="..\network\ipratelimitWrapper.cpp">
      <Filter>network</Filter>
    </ClCompile>
    <ClCompile Include="..\network\net_chan.cpp">
      <Filter>network</Filter>
    </ClCompile>
    <ClCompile Include="..\network\net_ws.cpp">
      <Filter>network</Filter>
    </ClCompile>
    <ClCompile Include="..\memory\mem.cpp">
      <Filter>memory</Filter>
    </ClCompile>
    <ClCompile Include="..\memory\zone.cpp">
      <Filter>memory</Filter>
    </ClCompile>
    <ClCompile Include="..\server\sv_log.cpp">
      <Filter>server</Filter>
    </ClCompile>
    <ClCompile Include="..\server\sv_main.cpp">
      <Filter>server</Filter>
    </ClCompile>
    <ClCompile Include="..\server\sv_move.cpp">
      <Filter>server</Filter>
    </ClCompile>
    <ClCompile Include="..\server\sv_phys.cpp">
      <Filter>server</Filter>
    </ClCompile>
    <ClCompile Include="..\server\sv_pmove.cpp">
      <Filter>server</Filter>
    </ClCompile>
    <ClCompile Include="..\server\sv_remoteaccess.cpp">
      <Filter>server</Filter>
    </ClCompile>
    <ClCompile Include="..\server\sv_steam3.cpp">
      <Filter>server</Filter>
    </ClCompile>
    <ClCompile Include="..\server\sv_upld.cpp">
      <Filter>server</Filter>
    </ClCompile>
    <ClCompile Include="..\server\sv_user.cpp">
      <Filter>server</Filter>
    </ClCompile>
    <ClCompile Include="..\render\r_aclip.cpp">
      <Filter>render</Filter>
    </ClCompile>
    <ClCompile Include="..\render\r_alias.cpp">
      <Filter>render</Filter>
    </ClCompile>
    <ClCompile Include="..\render\r_bsp.cpp">
      <Filter>render</Filter>
    </ClCompile>
    <ClCompile Include="..\render\r_draw.cpp">
      <Filter>render</Filter>
    </ClCompile>
    <ClCompile Include="..\render\r_edge.cpp">
      <Filter>render</Filter>
    </ClCompile>
    <ClCompile Include="..\render\r_efrag.cpp">
      <Filter>render</Filter>
    </ClCompile>
    <ClCompile Include="..\render\r_light.cpp">
      <Filter>render</Filter>
    </ClCompile>
    <ClCompile Include="..\render\r_main.cpp">
      <Filter>render</Filter>
    </ClCompile>
    <ClCompile Include="..\render\r_misc.cpp">
      <Filter>render</Filter>
    </ClCompile>
    <ClCompile Include="..\render\r_part.cpp">
      <Filter>render</Filter>
    </ClCompile>
    <ClCompile Include="..\render\r_sky.cpp">
      <Filter>render</Filter>
    </ClCompile>
    <ClCompile Include="..\render\r_sprite.cpp">
      <Filter>render</Filter>
    </ClCompile>
    <ClCompile Include="..\render\r_studio.cpp">
      <Filter>render</Filter>
    </ClCompile>
    <ClCompile Include="..\render\r_surf.cpp">
      <Filter>render</Filter>
    </ClCompile>
    <ClCompile Include="..\render\r_vars.cpp">
      <Filter>render</Filter>
    </ClCompile>
    <ClCompile Include="..\system\buildnum.cpp">
      <Filter>system</Filter>
    </ClCompile>
    <ClCompile Include="..\system\common.cpp">
      <Filter>system</Filter>
    </ClCompile>
    <ClCompile Include="..\system\dedicatedserverapi.cpp">
      <Filter>system</Filter>
    </ClCompile>
    <ClCompile Include="..\system\engine.cpp">
      <Filter>system</Filter>
    </ClCompile>
    <ClCompile Include="..\system\host.cpp">
      <Filter>system</Filter>
    </ClCompile>
    <ClCompile Include="..\system\host_cmd.cpp">
      <Filter>system</Filter>
    </ClCompile>
    <ClCompile Include="..\system\info.cpp">
      <Filter>system</Filter>
    </ClCompile>
    <ClCompile Include="..\system\module.cpp">
      <Filter>system</Filter>
    </ClCompile>
    <ClCompile Include="..\system\sys_dll.cpp">
      <Filter>system</Filter>
    </ClCompile>
    <ClCompile Include="..\system\sys_dll2.cpp">
      <Filter>system</Filter>
    </ClCompile>
    <ClCompile Include="..\system\sys_linuxwind.cpp">
      <Filter>system</Filter>
    </ClCompile>
    <ClCompile Include="..\system\traceinit.cpp">
      <Filter>system</Filter>
    </ClCompile>
    <ClCompile Include="..\system\unicode_strtools.cpp">
      <Filter>system</Filter>
    </ClCompile>
    <ClCompile Include="..\cmodel.cpp" />
    <ClCompile Include="..\com_custom.cpp" />
    <ClCompile Include="..\decals.cpp" />
    <ClCompile Include="..\l_studio.cpp" />
    <ClCompile Include="..\model.cpp" />
    <ClCompile Include="..\pr_cmds.cpp" />
    <ClCompile Include="..\pr_edict.cpp" />
    <ClCompile Include="..\precompiled.cpp" />
    <ClCompile Include="..\public_amalgamation.cpp" />
    <ClCompile Include="..\textures.cpp" />
    <ClCompile Include="..\tmessage.cpp" />
    <ClCompile Include="..\world\ed_strpool.cpp">
      <Filter>world</Filter>
    </ClCompile>
    <ClCompile Include="..\world\world.cpp">
      <Filter>world</Filter>
    </ClCompile>
  </ItemGroup>
  <ItemGroup>
    <ClInclude Include="..\filesystem\filesystem_.h">
      <Filter>filesystem</Filter>
    </ClInclude>
    <ClInclude Include="..\filesystem\filesystem_internal.h">
      <Filter>filesystem</Filter>
    </ClInclude>
    <ClInclude Include="..\filesystem\hashpak.h">
      <Filter>filesystem</Filter>
    </ClInclude>
    <ClInclude Include="..\filesystem\wad.h">
      <Filter>filesystem</Filter>
    </ClInclude>
    <ClInclude Include="..\input\keys.h">
      <Filter>input</Filter>
    </ClInclude>
    <ClInclude Include="..\math\mathlib_e.h">
      <Filter>math</Filter>
    </ClInclude>
    <ClInclude Include="..\math\sse_mathfun.h">
      <Filter>math</Filter>
    </ClInclude>
    <ClInclude Include="..\console\cmd.h">
      <Filter>console</Filter>
    </ClInclude>
    <ClInclude Include="..\console\console.h">
      <Filter>console</Filter>
    </ClInclude>
    <ClInclude Include="..\console\cvar.h">
      <Filter>console</Filter>
    </ClInclude>
    <ClInclude Include="..\client\client.h">
      <Filter>client</Filter>
    </ClInclude>
    <ClInclude Include="..\graphics\gl_model.h">
      <Filter>graphics</Filter>
    </ClInclude>
    <ClInclude Include="..\graphics\gl_warp_sin.h">
      <Filter>graphics</Filter>
    </ClInclude>
    <ClInclude Include="..\sound\sound.h">
      <Filter>sound</Filter>
    </ClInclude>
    <ClInclude Include="..\video\vid.h">
      <Filter>video</Filter>
    </ClInclude>
    <ClInclude Include="..\physics\pmove.h">
      <Filter>physics</Filter>
    </ClInclude>
    <ClInclude Include="..\physics\pmovetst.h">
      <Filter>physics</Filter>
    </ClInclude>
    <ClInclude Include="..\network\delta.h">
      <Filter>network</Filter>
    </ClInclude>
    <ClInclude Include="..\network\delta_jit.h">
      <Filter>network</Filter>
    </ClInclude>
    <ClInclude Include="..\network\delta_packet.h">
      <Filter>network</Filter>
    </ClInclude>
    <ClInclude Include="..\network\ipratelimit.h">
      <Filter>network</Filter>
    </ClInclude>
    <ClInclude Include="..\network\ipratelimitWrapper.h">
      <Filter>network</Filter>
    </ClInclude>
    <ClInclude Include="..\network\net.h">
      <Filter>network</Filter>
    </ClInclude>
    <ClInclude Include="..\network\net_chan.h">
      <Filter>network</Filter>
    </ClInclude>
    <ClInclude Include="..\network\net_ws.h">
      <Filter>network</Filter>
    </ClInclude>
    <ClInclude Include="..\memory\mem.h">
      <Filter>memory</Filter>
    </ClInclude>
    <ClInclude Include="..\memory\zone.h">
      <Filter>memory</Filter>
    </ClInclude>
    <ClInclude Include="..\server\server.h">
      <Filter>server</Filter>
    </ClInclude>
    <ClInclude Include="..\server\server_static.h">
      <Filter>server</Filter>
    </ClInclude>
    <ClInclude Include="..\server\sv_log.h">
      <Filter>server</Filter>
    </ClInclude>
    <ClInclude Include="..\server\sv_move.h">
      <Filter>server</Filter>
    </ClInclude>
    <ClInclude Include="..\server\sv_phys.h">
      <Filter>server</Filter>
    </ClInclude>
    <ClInclude Include="..\server\sv_pmove.h">
      <Filter>server</Filter>
    </ClInclude>
    <ClInclude Include="..\server\sv_remoteaccess.h">
      <Filter>server</Filter>
    </ClInclude>
    <ClInclude Include="..\server\sv_steam3.h">
      <Filter>server</Filter>
    </ClInclude>
    <ClInclude Include="..\server\sv_upld.h">
      <Filter>server</Filter>
    </ClInclude>
    <ClInclude Include="..\server\sv_user.h">
      <Filter>server</Filter>
    </ClInclude>
    <ClInclude Include="..\render\r_local.h">
      <Filter>render</Filter>
    </ClInclude>
    <ClInclude Include="..\render\r_shared.h">
      <Filter>render</Filter>
    </ClInclude>
    <ClInclude Include="..\render\render.h">
      <Filter>render</Filter>
    </ClInclude>
    <ClInclude Include="..\system\common.h">
      <Filter>system</Filter>
    </ClInclude>
    <ClInclude Include="..\system\dedicatedserverapi.h">
      <Filter>system</Filter>
    </ClInclude>
    <ClInclude Include="..\system\engine.h">
      <Filter>system</Filter>
    </ClInclude>
    <ClInclude Include="..\system\host.h">
      <Filter>system</Filter>
    </ClInclude>
    <ClInclude Include="..\system\host_cmd.h">
      <Filter>system</Filter>
    </ClInclude>
    <ClInclude Include="..\system\iengine.h">
      <Filter>system</Filter>
    </ClInclude>
    <ClInclude Include="..\system\igame.h">
      <Filter>system</Filter>
    </ClInclude>
    <ClInclude Include="..\system\info.h">
      <Filter>system</Filter>
    </ClInclude>
    <ClInclude Include="..\system\sys_dll.h">
      <Filter>system</Filter>
    </ClInclude>
    <ClInclude Include="..\system\sys_dll2.h">
      <Filter>system</Filter>
    </ClInclude>
    <ClInclude Include="..\system\sys_linuxwnd.h">
      <Filter>system</Filter>
    </ClInclude>
    <ClInclude Include="..\system\traceinit.h">
      <Filter>system</Filter>
    </ClInclude>
    <ClInclude Include="..\system\unicode_strtools.h">
      <Filter>system</Filter>
    </ClInclude>
    <ClInclude Include="..\anorms.h" />
    <ClInclude Include="..\cmodel.h" />
    <ClInclude Include="..\com_custom.h" />
    <ClInclude Include="..\consistency.h" />
    <ClInclude Include="..\custom_int.h" />
    <ClInclude Include="..\decal.h" />
    <ClInclude Include="..\event.h" />
    <ClInclude Include="..\filter.h" />
    <ClInclude Include="..\l_studio.h" />
    <ClInclude Include="..\model_rehlds.h" />
    <ClInclude Include="..\modinfo.h" />
    <ClInclude Include="..\pr_cmds.h" />
    <ClInclude Include="..\pr_dlls.h" />
    <ClInclude Include="..\pr_edict.h" />
    <ClInclude Include="..\precompiled.h" />
    <ClInclude Include="..\studio_rehlds.h" />
    <ClInclude Include="..\textures.h" />
    <ClInclude Include="..\tmessage.h" />
    <ClInclude Include="..\userid.h" />
    <ClInclude Include="..\usermsg.h" />
    <ClInclude Include="..\world\ed_strpool.h">
      <Filter>world</Filter>
    </ClInclude>
    <ClInclude Include="..\world\inst_baseline.h">
      <Filter>world</Filter>
    </ClInclude>
    <ClInclude Include="..\world\world.h">
      <Filter>world</Filter>
    </ClInclude>
  </ItemGroup>
</Project>