
Microsoft Visual Studio Solution File, Format Version 12.00
# Visual Studio 15
VisualStudioVersion = 15.0.25920.0
MinimumVisualStudioVersion = 10.0.40219.1
Project("{8BC9CEB8-8B4A-11D0-8D11-00A0C91BC942}") = "launcher", "..\ogs\launcher\msvc\launcher.vcxproj", "{7A68E51F-FD05-4C57-8604-491DAC763B8A}"
	ProjectSection(ProjectDependencies) = postProject
		{261A3450-F3AB-41FD-8770-CA294C1496EF} = {261A3450-F3AB-41FD-8770-CA294C1496EF}
		{7EDBC38B-8B7D-4868-AE2A-2DB6197C13E1} = {7EDBC38B-8B7D-4868-AE2A-2DB6197C13E1}
	EndProjectSection
EndProject
Project("{8BC9CEB8-8B4A-11D0-8D11-00A0C91BC942}") = "engine", "..\ogs\engine\proto\msvc\engine.vcxproj", "{827605A1-AB99-40B5-BA51-7AB2BA39F20A}"
EndProject
Project("{8BC9CEB8-8B4A-11D0-8D11-00A0C91BC942}") = "filesystem", "..\ogs\filesystem\msvc\filesystem.vcxproj", "{E2111A9C-52F9-48DE-8487-5B9FF62A3D23}"
EndProject
Project("{8BC9CEB8-8B4A-11D0-8D11-00A0C91BC942}") = "particleman", "..\ogs\particleman\msvc\particleman.vcxproj", "{CB8A9135-C3BD-4C18-B0C3-54BCD39B8268}"
EndProject
Project("{8BC9CEB8-8B4A-11D0-8D11-00A0C91BC942}") = "gameui", "..\ogs\gameui\msvc\GameUI.vcxproj", "{BB6DBA75-C808-4D40-91BB-77607F83EBDE}"
EndProject
Project("{8BC9CEB8-8B4A-11D0-8D11-00A0C91BC942}") = "dbg", "..\ogs\dbg\msvc\dbg.vcxproj", "{B1D74CB3-EAC8-4290-9785-C5E2CA3F0676}"
EndProject
Project("{8BC9CEB8-8B4A-11D0-8D11-00A0C91BC942}") = "core", "..\ogs\hltv\core\msvc\Core.vcxproj", "{66B2C7ED-5505-4600-AC7D-CEAD81A6B31C}"
EndProject
Project("{8BC9CEB8-8B4A-11D0-8D11-00A0C91BC942}") = "demoplayer", "..\ogs\hltv\demoplayer\msvc\DemoPlayer.vcxproj", "{C0A91F9C-F325-48DD-9388-7AC5E7C42636}"
EndProject
Project("{8BC9CEB8-8B4A-11D0-8D11-00A0C91BC942}") = "tier0", "..\ogs\tier0\msvc\tier0.vcxproj", "{261A3450-F3AB-41FD-8770-CA294C1496EF}"
EndProject
Project("{8BC9CEB8-8B4A-11D0-8D11-00A0C91BC942}") = "tier1", "..\ogs\tier1\msvc\tier1.vcxproj", "{7EDBC38B-8B7D-4868-AE2A-2DB6197C13E1}"
EndProject
Project("{8BC9CEB8-8B4A-11D0-8D11-00A0C91BC942}") = "vgui2", "..\ogs\vgui2\msvc\vgui2.vcxproj", "{BC8EF7EC-6471-4A92-9BDA-6DE420D010E4}"
EndProject
Project("{8BC9CEB8-8B4A-11D0-8D11-00A0C91BC942}") = "vgui", "..\ogs\vgui\msvc\vgui.vcxproj", "{654DBA77-E207-49C3-908A-1D043FBD1D0B}"
EndProject
Project("{8BC9CEB8-8B4A-11D0-8D11-00A0C91BC942}") = "dedicated", "..\ogs\dedicated\msvc\Dedicated.vcxproj", "{D49883F3-5C5C-4B9F-B9C7-B31518F228D4}"
EndProject
Project("{8BC9CEB8-8B4A-11D0-8D11-00A0C91BC942}") = "bzip2", "..\dep\bzip2\msvc\bzip2.vcxproj", "{792DF067-9904-4579-99B9-46C17277ADE3}"
EndProject
Project("{8BC9CEB8-8B4A-11D0-8D11-00A0C91BC942}") = "cppunitlite", "..\dep\cppunitlite\msvc\cppunitlite.vcxproj", "{CEB94F7C-E459-4673-AABB-36E2074396C0}"
EndProject
Project("{8BC9CEB8-8B4A-11D0-8D11-00A0C91BC942}") = "render", "..\ogs\render\msvc\render.vcxproj", "{F9F4E564-A841-41BA-915C-A0BA5499466E}"
EndProject
Project("{8BC9CEB8-8B4A-11D0-8D11-00A0C91BC942}") = "vstdlib", "..\ogs\vstdlib\msvc\vstdlib.vcxproj", "{F6F0CB17-5EF4-4016-9FB8-09465FEED8B7}"
EndProject
Project("{8BC9CEB8-8B4A-11D0-8D11-00A0C91BC942}") = "rehlds", "..\ogs\rehlds\msvc\rehlds.vcxproj", "{AA82A845-1E1B-47D5-BCAB-29DECEDEE334}"
EndProject
Project("{8BC9CEB8-8B4A-11D0-8D11-00A0C91BC942}") = "hookers", "..\ogs\hookers\msvc\hookers.vcxproj", "{F0370920-9F9B-4AA6-BB78-843CBADC765A}"
EndProject
Project("{8BC9CEB8-8B4A-11D0-8D11-00A0C91BC942}") = "unittests", "..\ogs\unittests\msvc\unittests.vcxproj", "{04E440B6-B0EC-4C85-B176-C86640B2D1CD}"
EndProject
Project("{8BC9CEB8-8B4A-11D0-8D11-00A0C91BC942}") = "sound", "..\ogs\sound\msvc\sound.vcxproj", "{19824225-3CF5-45F2-A4F0-D3A53C4AB511}"
EndProject
Global
	GlobalSection(SolutionConfigurationPlatforms) = preSolution
		Debug Swds Play|x64 = Debug Swds Play|x64
		Debug Swds Play|x86 = Debug Swds Play|x86
		Debug Swds|x64 = Debug Swds|x64
		Debug Swds|x86 = Debug Swds|x86
		Debug|x64 = Debug|x64
		Debug|x86 = Debug|x86
		Release|x64 = Release|x64
		Release|x86 = Release|x86
	EndGlobalSection
	GlobalSection(ProjectConfigurationPlatforms) = postSolution
		{7A68E51F-FD05-4C57-8604-491DAC763B8A}.Debug Swds Play|x64.ActiveCfg = Debug|x64
		{7A68E51F-FD05-4C57-8604-491DAC763B8A}.Debug Swds Play|x64.Build.0 = Debug|x64
		{7A68E51F-FD05-4C57-8604-491DAC763B8A}.Debug Swds Play|x86.ActiveCfg = Debug|Win32
		{7A68E51F-FD05-4C57-8604-491DAC763B8A}.Debug Swds Play|x86.Build.0 = Debug|Win32
		{7A68E51F-FD05-4C57-8604-491DAC763B8A}.Debug Swds|x64.ActiveCfg = Debug|x64
		{7A68E51F-FD05-4C57-8604-491DAC763B8A}.Debug Swds|x64.Build.0 = Debug|x64
		{7A68E51F-FD05-4C57-8604-491DAC763B8A}.Debug Swds|x86.ActiveCfg = Debug|Win32
		{7A68E51F-FD05-4C57-8604-491DAC763B8A}.Debug Swds|x86.Build.0 = Debug|Win32
		{7A68E51F-FD05-4C57-8604-491DAC763B8A}.Debug|x64.ActiveCfg = Debug|x64
		{7A68E51F-FD05-4C57-8604-491DAC763B8A}.Debug|x64.Build.0 = Debug|x64
		{7A68E51F-FD05-4C57-8604-491DAC763B8A}.Debug|x86.ActiveCfg = Debug|Win32
		{7A68E51F-FD05-4C57-8604-491DAC763B8A}.Debug|x86.Build.0 = Debug|Win32
		{7A68E51F-FD05-4C57-8604-491DAC763B8A}.Release|x64.ActiveCfg = Release|x64
		{7A68E51F-FD05-4C57-8604-491DAC763B8A}.Release|x64.Build.0 = Release|x64
		{7A68E51F-FD05-4C57-8604-491DAC763B8A}.Release|x86.ActiveCfg = Release|Win32
		{7A68E51F-FD05-4C57-8604-491DAC763B8A}.Release|x86.Build.0 = Release|Win32
		{827605A1-AB99-40B5-BA51-7AB2BA39F20A}.Debug Swds Play|x64.ActiveCfg = Debug|x64
		{827605A1-AB99-40B5-BA51-7AB2BA39F20A}.Debug Swds Play|x64.Build.0 = Debug|x64
		{827605A1-AB99-40B5-BA51-7AB2BA39F20A}.Debug Swds Play|x86.ActiveCfg = Debug|Win32
		{827605A1-AB99-40B5-BA51-7AB2BA39F20A}.Debug Swds Play|x86.Build.0 = Debug|Win32
		{827605A1-AB99-40B5-BA51-7AB2BA39F20A}.Debug Swds|x64.ActiveCfg = Debug|x64
		{827605A1-AB99-40B5-BA51-7AB2BA39F20A}.Debug Swds|x64.Build.0 = Debug|x64
		{827605A1-AB99-40B5-BA51-7AB2BA39F20A}.Debug Swds|x86.ActiveCfg = Debug|Win32
		{827605A1-AB99-40B5-BA51-7AB2BA39F20A}.Debug Swds|x86.Build.0 = Debug|Win32
		{827605A1-AB99-40B5-BA51-7AB2BA39F20A}.Debug|x64.ActiveCfg = Debug|x64
		{827605A1-AB99-40B5-BA51-7AB2BA39F20A}.Debug|x64.Build.0 = Debug|x64
		{827605A1-AB99-40B5-BA51-7AB2BA39F20A}.Debug|x86.ActiveCfg = Debug Swds|Win32
		{827605A1-AB99-40B5-BA51-7AB2BA39F20A}.Debug|x86.Build.0 = Debug Swds|Win32
		{827605A1-AB99-40B5-BA51-7AB2BA39F20A}.Release|x64.ActiveCfg = Release|x64
		{827605A1-AB99-40B5-BA51-7AB2BA39F20A}.Release|x64.Build.0 = Release|x64
		{827605A1-AB99-40B5-BA51-7AB2BA39F20A}.Release|x86.ActiveCfg = Release|Win32
		{827605A1-AB99-40B5-BA51-7AB2BA39F20A}.Release|x86.Build.0 = Release|Win32
		{E2111A9C-52F9-48DE-8487-5B9FF62A3D23}.Debug Swds Play|x64.ActiveCfg = Debug (Null)|x64
		{E2111A9C-52F9-48DE-8487-5B9FF62A3D23}.Debug Swds Play|x64.Build.0 = Debug (Null)|x64
		{E2111A9C-52F9-48DE-8487-5B9FF62A3D23}.Debug Swds Play|x86.ActiveCfg = Debug (Stdio)|Win32
		{E2111A9C-52F9-48DE-8487-5B9FF62A3D23}.Debug Swds Play|x86.Build.0 = Debug (Stdio)|Win32
		{E2111A9C-52F9-48DE-8487-5B9FF62A3D23}.Debug Swds|x64.ActiveCfg = Debug (Null)|x64
		{E2111A9C-52F9-48DE-8487-5B9FF62A3D23}.Debug Swds|x64.Build.0 = Debug (Null)|x64
		{E2111A9C-52F9-48DE-8487-5B9FF62A3D23}.Debug Swds|x86.ActiveCfg = Debug (Stdio)|Win32
		{E2111A9C-52F9-48DE-8487-5B9FF62A3D23}.Debug Swds|x86.Build.0 = Debug (Stdio)|Win32
		{E2111A9C-52F9-48DE-8487-5B9FF62A3D23}.Debug|x64.ActiveCfg = Debug|x64
		{E2111A9C-52F9-48DE-8487-5B9FF62A3D23}.Debug|x64.Build.0 = Debug|x64
		{E2111A9C-52F9-48DE-8487-5B9FF62A3D23}.Debug|x86.ActiveCfg = Debug (Null)|Win32
		{E2111A9C-52F9-48DE-8487-5B9FF62A3D23}.Debug|x86.Build.0 = Debug (Null)|Win32
		{E2111A9C-52F9-48DE-8487-5B9FF62A3D23}.Release|x64.ActiveCfg = Release|x64
		{E2111A9C-52F9-48DE-8487-5B9FF62A3D23}.Release|x64.Build.0 = Release|x64
		{E2111A9C-52F9-48DE-8487-5B9FF62A3D23}.Release|x86.ActiveCfg = Release|Win32
		{E2111A9C-52F9-48DE-8487-5B9FF62A3D23}.Release|x86.Build.0 = Release|Win32
		{CB8A9135-C3BD-4C18-B0C3-54BCD39B8268}.Debug Swds Play|x64.ActiveCfg = Debug|x64
		{CB8A9135-C3BD-4C18-B0C3-54BCD39B8268}.Debug Swds Play|x64.Build.0 = Debug|x64
		{CB8A9135-C3BD-4C18-B0C3-54BCD39B8268}.Debug Swds Play|x86.ActiveCfg = Debug|Win32
		{CB8A9135-C3BD-4C18-B0C3-54BCD39B8268}.Debug Swds Play|x86.Build.0 = Debug|Win32
		{CB8A9135-C3BD-4C18-B0C3-54BCD39B8268}.Debug Swds|x64.ActiveCfg = Debug|x64
		{CB8A9135-C3BD-4C18-B0C3-54BCD39B8268}.Debug Swds|x64.Build.0 = Debug|x64
		{CB8A9135-C3BD-4C18-B0C3-54BCD39B8268}.Debug Swds|x86.ActiveCfg = Debug|Win32
		{CB8A9135-C3BD-4C18-B0C3-54BCD39B8268}.Debug Swds|x86.Build.0 = Debug|Win32
		{CB8A9135-C3BD-4C18-B0C3-54BCD39B8268}.Debug|x64.ActiveCfg = Debug|x64
		{CB8A9135-C3BD-4C18-B0C3-54BCD39B8268}.Debug|x64.Build.0 = Debug|x64
		{CB8A9135-C3BD-4C18-B0C3-54BCD39B8268}.Debug|x86.ActiveCfg = Debug|Win32
		{CB8A9135-C3BD-4C18-B0C3-54BCD39B8268}.Debug|x86.Build.0 = Debug|Win32
		{CB8A9135-C3BD-4C18-B0C3-54BCD39B8268}.Release|x64.ActiveCfg = Release|x64
		{CB8A9135-C3BD-4C18-B0C3-54BCD39B8268}.Release|x64.Build.0 = Release|x64
		{CB8A9135-C3BD-4C18-B0C3-54BCD39B8268}.Release|x86.ActiveCfg = Release|Win32
		{CB8A9135-C3BD-4C18-B0C3-54BCD39B8268}.Release|x86.Build.0 = Release|Win32
		{BB6DBA75-C808-4D40-91BB-77607F83EBDE}.Debug Swds Play|x64.ActiveCfg = Debug|x64
		{BB6DBA75-C808-4D40-91BB-77607F83EBDE}.Debug Swds Play|x64.Build.0 = Debug|x64
		{BB6DBA75-C808-4D40-91BB-77607F83EBDE}.Debug Swds Play|x86.ActiveCfg = Debug|Win32
		{BB6DBA75-C808-4D40-91BB-77607F83EBDE}.Debug Swds Play|x86.Build.0 = Debug|Win32
		{BB6DBA75-C808-4D40-91BB-77607F83EBDE}.Debug Swds|x64.ActiveCfg = Debug|x64
		{BB6DBA75-C808-4D40-91BB-77607F83EBDE}.Debug Swds|x64.Build.0 = Debug|x64
		{BB6DBA75-C808-4D40-91BB-77607F83EBDE}.Debug Swds|x86.ActiveCfg = Debug|Win32
		{BB6DBA75-C808-4D40-91BB-77607F83EBDE}.Debug Swds|x86.Build.0 = Debug|Win32
		{BB6DBA75-C808-4D40-91BB-77607F83EBDE}.Debug|x64.ActiveCfg = Debug|x64
		{BB6DBA75-C808-4D40-91BB-77607F83EBDE}.Debug|x64.Build.0 = Debug|x64
		{BB6DBA75-C808-4D40-91BB-77607F83EBDE}.Debug|x86.ActiveCfg = Debug|Win32
		{BB6DBA75-C808-4D40-91BB-77607F83EBDE}.Debug|x86.Build.0 = Debug|Win32
		{BB6DBA75-C808-4D40-91BB-77607F83EBDE}.Release|x64.ActiveCfg = Release|x64
		{BB6DBA75-C808-4D40-91BB-77607F83EBDE}.Release|x64.Build.0 = Release|x64
		{BB6DBA75-C808-4D40-91BB-77607F83EBDE}.Release|x86.ActiveCfg = Release|Win32
		{BB6DBA75-C808-4D40-91BB-77607F83EBDE}.Release|x86.Build.0 = Release|Win32
		{B1D74CB3-EAC8-4290-9785-C5E2CA3F0676}.Debug Swds Play|x64.ActiveCfg = Debug|x64
		{B1D74CB3-EAC8-4290-9785-C5E2CA3F0676}.Debug Swds Play|x64.Build.0 = Debug|x64
		{B1D74CB3-EAC8-4290-9785-C5E2CA3F0676}.Debug Swds Play|x86.ActiveCfg = Debug|Win32
		{B1D74CB3-EAC8-4290-9785-C5E2CA3F0676}.Debug Swds Play|x86.Build.0 = Debug|Win32
		{B1D74CB3-EAC8-4290-9785-C5E2CA3F0676}.Debug Swds|x64.ActiveCfg = Debug|x64
		{B1D74CB3-EAC8-4290-9785-C5E2CA3F0676}.Debug Swds|x64.Build.0 = Debug|x64
		{B1D74CB3-EAC8-4290-9785-C5E2CA3F0676}.Debug Swds|x86.ActiveCfg = Debug|Win32
		{B1D74CB3-EAC8-4290-9785-C5E2CA3F0676}.Debug Swds|x86.Build.0 = Debug|Win32
		{B1D74CB3-EAC8-4290-9785-C5E2CA3F0676}.Debug|x64.ActiveCfg = Debug|x64
		{B1D74CB3-EAC8-4290-9785-C5E2CA3F0676}.Debug|x64.Build.0 = Debug|x64
		{B1D74CB3-EAC8-4290-9785-C5E2CA3F0676}.Debug|x86.ActiveCfg = Debug|Win32
		{B1D74CB3-EAC8-4290-9785-C5E2CA3F0676}.Debug|x86.Build.0 = Debug|Win32
		{B1D74CB3-EAC8-4290-9785-C5E2CA3F0676}.Release|x64.ActiveCfg = Release|x64
		{B1D74CB3-EAC8-4290-9785-C5E2CA3F0676}.Release|x64.Build.0 = Release|x64
		{B1D74CB3-EAC8-4290-9785-C5E2CA3F0676}.Release|x86.ActiveCfg = Release|Win32
		{B1D74CB3-EAC8-4290-9785-C5E2CA3F0676}.Release|x86.Build.0 = Release|Win32
		{66B2C7ED-5505-4600-AC7D-CEAD81A6B31C}.Debug Swds Play|x64.ActiveCfg = Debug|x64
		{66B2C7ED-5505-4600-AC7D-CEAD81A6B31C}.Debug Swds Play|x64.Build.0 = Debug|x64
		{66B2C7ED-5505-4600-AC7D-CEAD81A6B31C}.Debug Swds Play|x86.ActiveCfg = Debug|Win32
		{66B2C7ED-5505-4600-AC7D-CEAD81A6B31C}.Debug Swds Play|x86.Build.0 = Debug|Win32
		{66B2C7ED-5505-4600-AC7D-CEAD81A6B31C}.Debug Swds|x64.ActiveCfg = Debug|x64
		{66B2C7ED-5505-4600-AC7D-CEAD81A6B31C}.Debug Swds|x64.Build.0 = Debug|x64
		{66B2C7ED-5505-4600-AC7D-CEAD81A6B31C}.Debug Swds|x86.ActiveCfg = Debug|Win32
		{66B2C7ED-5505-4600-AC7D-CEAD81A6B31C}.Debug Swds|x86.Build.0 = Debug|Win32
		{66B2C7ED-5505-4600-AC7D-CEAD81A6B31C}.Debug|x64.ActiveCfg = Debug|x64
		{66B2C7ED-5505-4600-AC7D-CEAD81A6B31C}.Debug|x64.Build.0 = Debug|x64
		{66B2C7ED-5505-4600-AC7D-CEAD81A6B31C}.Debug|x86.ActiveCfg = Debug|Win32
		{66B2C7ED-5505-4600-AC7D-CEAD81A6B31C}.Debug|x86.Build.0 = Debug|Win32
		{66B2C7ED-5505-4600-AC7D-CEAD81A6B31C}.Release|x64.ActiveCfg = Release|x64
		{66B2C7ED-5505-4600-AC7D-CEAD81A6B31C}.Release|x64.Build.0 = Release|x64
		{66B2C7ED-5505-4600-AC7D-CEAD81A6B31C}.Release|x86.ActiveCfg = Release|Win32
		{66B2C7ED-5505-4600-AC7D-CEAD81A6B31C}.Release|x86.Build.0 = Release|Win32
		{C0A91F9C-F325-48DD-9388-7AC5E7C42636}.Debug Swds Play|x64.ActiveCfg = Debug|x64
		{C0A91F9C-F325-48DD-9388-7AC5E7C42636}.Debug Swds Play|x64.Build.0 = Debug|x64
		{C0A91F9C-F325-48DD-9388-7AC5E7C42636}.Debug Swds Play|x86.ActiveCfg = Debug|Win32
		{C0A91F9C-F325-48DD-9388-7AC5E7C42636}.Debug Swds Play|x86.Build.0 = Debug|Win32
		{C0A91F9C-F325-48DD-9388-7AC5E7C42636}.Debug Swds|x64.ActiveCfg = Debug|x64
		{C0A91F9C-F325-48DD-9388-7AC5E7C42636}.Debug Swds|x64.Build.0 = Debug|x64
		{C0A91F9C-F325-48DD-9388-7AC5E7C42636}.Debug Swds|x86.ActiveCfg = Debug|Win32
		{C0A91F9C-F325-48DD-9388-7AC5E7C42636}.Debug Swds|x86.Build.0 = Debug|Win32
		{C0A91F9C-F325-48DD-9388-7AC5E7C42636}.Debug|x64.ActiveCfg = Debug|x64
		{C0A91F9C-F325-48DD-9388-7AC5E7C42636}.Debug|x64.Build.0 = Debug|x64
		{C0A91F9C-F325-48DD-9388-7AC5E7C42636}.Debug|x86.ActiveCfg = Debug|Win32
		{C0A91F9C-F325-48DD-9388-7AC5E7C42636}.Debug|x86.Build.0 = Debug|Win32
		{C0A91F9C-F325-48DD-9388-7AC5E7C42636}.Release|x64.ActiveCfg = Release|x64
		{C0A91F9C-F325-48DD-9388-7AC5E7C42636}.Release|x64.Build.0 = Release|x64
		{C0A91F9C-F325-48DD-9388-7AC5E7C42636}.Release|x86.ActiveCfg = Release|Win32
		{C0A91F9C-F325-48DD-9388-7AC5E7C42636}.Release|x86.Build.0 = Release|Win32
		{261A3450-F3AB-41FD-8770-CA294C1496EF}.Debug Swds Play|x64.ActiveCfg = Debug|x64
		{261A3450-F3AB-41FD-8770-CA294C1496EF}.Debug Swds Play|x64.Build.0 = Debug|x64
		{261A3450-F3AB-41FD-8770-CA294C1496EF}.Debug Swds Play|x86.ActiveCfg = Debug|Win32
		{261A3450-F3AB-41FD-8770-CA294C1496EF}.Debug Swds Play|x86.Build.0 = Debug|Win32
		{261A3450-F3AB-41FD-8770-CA294C1496EF}.Debug Swds|x64.ActiveCfg = Debug|x64
		{261A3450-F3AB-41FD-8770-CA294C1496EF}.Debug Swds|x64.Build.0 = Debug|x64
		{261A3450-F3AB-41FD-8770-CA294C1496EF}.Debug Swds|x86.ActiveCfg = Debug|Win32
		{261A3450-F3AB-41FD-8770-CA294C1496EF}.Debug Swds|x86.Build.0 = Debug|Win32
		{261A3450-F3AB-41FD-8770-CA294C1496EF}.Debug|x64.ActiveCfg = Debug|x64
		{261A3450-F3AB-41FD-8770-CA294C1496EF}.Debug|x64.Build.0 = Debug|x64
		{261A3450-F3AB-41FD-8770-CA294C1496EF}.Debug|x86.ActiveCfg = Debug|Win32
		{261A3450-F3AB-41FD-8770-CA294C1496EF}.Debug|x86.Build.0 = Debug|Win32
		{261A3450-F3AB-41FD-8770-CA294C1496EF}.Release|x64.ActiveCfg = Release|x64
		{261A3450-F3AB-41FD-8770-CA294C1496EF}.Release|x64.Build.0 = Release|x64
		{261A3450-F3AB-41FD-8770-CA294C1496EF}.Release|x86.ActiveCfg = Release|Win32
		{261A3450-F3AB-41FD-8770-CA294C1496EF}.Release|x86.Build.0 = Release|Win32
		{7EDBC38B-8B7D-4868-AE2A-2DB6197C13E1}.Debug Swds Play|x64.ActiveCfg = Debug|x64
		{7EDBC38B-8B7D-4868-AE2A-2DB6197C13E1}.Debug Swds Play|x64.Build.0 = Debug|x64
		{7EDBC38B-8B7D-4868-AE2A-2DB6197C13E1}.Debug Swds Play|x86.ActiveCfg = Debug|Win32
		{7EDBC38B-8B7D-4868-AE2A-2DB6197C13E1}.Debug Swds Play|x86.Build.0 = Debug|Win32
		{7EDBC38B-8B7D-4868-AE2A-2DB6197C13E1}.Debug Swds|x64.ActiveCfg = Debug|x64
		{7EDBC38B-8B7D-4868-AE2A-2DB6197C13E1}.Debug Swds|x64.Build.0 = Debug|x64
		{7EDBC38B-8B7D-4868-AE2A-2DB6197C13E1}.Debug Swds|x86.ActiveCfg = Debug|Win32
		{7EDBC38B-8B7D-4868-AE2A-2DB6197C13E1}.Debug Swds|x86.Build.0 = Debug|Win32
		{7EDBC38B-8B7D-4868-AE2A-2DB6197C13E1}.Debug|x64.ActiveCfg = Debug|x64
		{7EDBC38B-8B7D-4868-AE2A-2DB6197C13E1}.Debug|x64.Build.0 = Debug|x64
		{7EDBC38B-8B7D-4868-AE2A-2DB6197C13E1}.Debug|x86.ActiveCfg = Debug|Win32
		{7EDBC38B-8B7D-4868-AE2A-2DB6197C13E1}.Debug|x86.Build.0 = Debug|Win32
		{7EDBC38B-8B7D-4868-AE2A-2DB6197C13E1}.Release|x64.ActiveCfg = Release|x64
		{7EDBC38B-8B7D-4868-AE2A-2DB6197C13E1}.Release|x64.Build.0 = Release|x64
		{7EDBC38B-8B7D-4868-AE2A-2DB6197C13E1}.Release|x86.ActiveCfg = Release|Win32
		{7EDBC38B-8B7D-4868-AE2A-2DB6197C13E1}.Release|x86.Build.0 = Release|Win32
		{BC8EF7EC-6471-4A92-9BDA-6DE420D010E4}.Debug Swds Play|x64.ActiveCfg = Debug|x64
		{BC8EF7EC-6471-4A92-9BDA-6DE420D010E4}.Debug Swds Play|x64.Build.0 = Debug|x64
		{BC8EF7EC-6471-4A92-9BDA-6DE420D010E4}.Debug Swds Play|x86.ActiveCfg = Debug|Win32
		{BC8EF7EC-6471-4A92-9BDA-6DE420D010E4}.Debug Swds Play|x86.Build.0 = Debug|Win32
		{BC8EF7EC-6471-4A92-9BDA-6DE420D010E4}.Debug Swds|x64.ActiveCfg = Debug|x64
		{BC8EF7EC-6471-4A92-9BDA-6DE420D010E4}.Debug Swds|x64.Build.0 = Debug|x64
		{BC8EF7EC-6471-4A92-9BDA-6DE420D010E4}.Debug Swds|x86.ActiveCfg = Debug|Win32
		{BC8EF7EC-6471-4A92-9BDA-6DE420D010E4}.Debug Swds|x86.Build.0 = Debug|Win32
		{BC8EF7EC-6471-4A92-9BDA-6DE420D010E4}.Debug|x64.ActiveCfg = Debug|x64
		{BC8EF7EC-6471-4A92-9BDA-6DE420D010E4}.Debug|x64.Build.0 = Debug|x64
		{BC8EF7EC-6471-4A92-9BDA-6DE420D010E4}.Debug|x86.ActiveCfg = Debug|Win32
		{BC8EF7EC-6471-4A92-9BDA-6DE420D010E4}.Debug|x86.Build.0 = Debug|Win32
		{BC8EF7EC-6471-4A92-9BDA-6DE420D010E4}.Release|x64.ActiveCfg = Release|x64
		{BC8EF7EC-6471-4A92-9BDA-6DE420D010E4}.Release|x64.Build.0 = Release|x64
		{BC8EF7EC-6471-4A92-9BDA-6DE420D010E4}.Release|x86.ActiveCfg = Release|Win32
		{BC8EF7EC-6471-4A92-9BDA-6DE420D010E4}.Release|x86.Build.0 = Release|Win32
		{654DBA77-E207-49C3-908A-1D043FBD1D0B}.Debug Swds Play|x64.ActiveCfg = Debug|x64
		{654DBA77-E207-49C3-908A-1D043FBD1D0B}.Debug Swds Play|x64.Build.0 = Debug|x64
		{654DBA77-E207-49C3-908A-1D043FBD1D0B}.Debug Swds Play|x86.ActiveCfg = Debug|Win32
		{654DBA77-E207-49C3-908A-1D043FBD1D0B}.Debug Swds Play|x86.Build.0 = Debug|Win32
		{654DBA77-E207-49C3-908A-1D043FBD1D0B}.Debug Swds|x64.ActiveCfg = Debug|x64
		{654DBA77-E207-49C3-908A-1D043FBD1D0B}.Debug Swds|x64.Build.0 = Debug|x64
		{654DBA77-E207-49C3-908A-1D043FBD1D0B}.Debug Swds|x86.ActiveCfg = Debug|Win32
		{654DBA77-E207-49C3-908A-1D043FBD1D0B}.Debug Swds|x86.Build.0 = Debug|Win32
		{654DBA77-E207-49C3-908A-1D043FBD1D0B}.Debug|x64.ActiveCfg = Debug|x64
		{654DBA77-E207-49C3-908A-1D043FBD1D0B}.Debug|x64.Build.0 = Debug|x64
		{654DBA77-E207-49C3-908A-1D043FBD1D0B}.Debug|x86.ActiveCfg = Debug|Win32
		{654DBA77-E207-49C3-908A-1D043FBD1D0B}.Debug|x86.Build.0 = Debug|Win32
		{654DBA77-E207-49C3-908A-1D043FBD1D0B}.Release|x64.ActiveCfg = Release|x64
		{654DBA77-E207-49C3-908A-1D043FBD1D0B}.Release|x64.Build.0 = Release|x64
		{654DBA77-E207-49C3-908A-1D043FBD1D0B}.Release|x86.ActiveCfg = Release|Win32
		{654DBA77-E207-49C3-908A-1D043FBD1D0B}.Release|x86.Build.0 = Release|Win32
		{D49883F3-5C5C-4B9F-B9C7-B31518F228D4}.Debug Swds Play|x64.ActiveCfg = Release|Win32
		{D49883F3-5C5C-4B9F-B9C7-B31518F228D4}.Debug Swds Play|x64.Build.0 = Release|Win32
		{D49883F3-5C5C-4B9F-B9C7-B31518F228D4}.Debug Swds Play|x86.ActiveCfg = Debug|Win32
		{D49883F3-5C5C-4B9F-B9C7-B31518F228D4}.Debug Swds Play|x86.Build.0 = Debug|Win32
		{D49883F3-5C5C-4B9F-B9C7-B31518F228D4}.Debug Swds|x64.ActiveCfg = Release|Win32
		{D49883F3-5C5C-4B9F-B9C7-B31518F228D4}.Debug Swds|x64.Build.0 = Release|Win32
		{D49883F3-5C5C-4B9F-B9C7-B31518F228D4}.Debug Swds|x86.ActiveCfg = Debug|Win32
		{D49883F3-5C5C-4B9F-B9C7-B31518F228D4}.Debug Swds|x86.Build.0 = Debug|Win32
		{D49883F3-5C5C-4B9F-B9C7-B31518F228D4}.Debug|x64.ActiveCfg = Debug|Win32
		{D49883F3-5C5C-4B9F-B9C7-B31518F228D4}.Debug|x86.ActiveCfg = Debug|Win32
		{D49883F3-5C5C-4B9F-B9C7-B31518F228D4}.Debug|x86.Build.0 = Debug|Win32
		{D49883F3-5C5C-4B9F-B9C7-B31518F228D4}.Release|x64.ActiveCfg = Release|Win32
		{D49883F3-5C5C-4B9F-B9C7-B31518F228D4}.Release|x86.ActiveCfg = Release|Win32
		{D49883F3-5C5C-4B9F-B9C7-B31518F228D4}.Release|x86.Build.0 = Release|Win32
		{792DF067-9904-4579-99B9-46C17277ADE3}.Debug Swds Play|x64.ActiveCfg = Debug Swds Play|Win32
		{792DF067-9904-4579-99B9-46C17277ADE3}.Debug Swds Play|x86.ActiveCfg = Debug Swds Play|Win32
		{792DF067-9904-4579-99B9-46C17277ADE3}.Debug Swds Play|x86.Build.0 = Debug Swds Play|Win32
		{792DF067-9904-4579-99B9-46C17277ADE3}.Debug Swds|x64.ActiveCfg = Debug Swds|Win32
		{792DF067-9904-4579-99B9-46C17277ADE3}.Debug Swds|x86.ActiveCfg = Debug Swds|Win32
		{792DF067-9904-4579-99B9-46C17277ADE3}.Debug Swds|x86.Build.0 = Debug Swds|Win32
		{792DF067-9904-4579-99B9-46C17277ADE3}.Debug|x64.ActiveCfg = Debug|Win32
		{792DF067-9904-4579-99B9-46C17277ADE3}.Debug|x86.ActiveCfg = Debug|Win32
		{792DF067-9904-4579-99B9-46C17277ADE3}.Debug|x86.Build.0 = Debug|Win32
		{792DF067-9904-4579-99B9-46C17277ADE3}.Release|x64.ActiveCfg = Release|Win32
		{792DF067-9904-4579-99B9-46C17277ADE3}.Release|x86.ActiveCfg = Release|Win32
		{792DF067-9904-4579-99B9-46C17277ADE3}.Release|x86.Build.0 = Release|Win32
		{CEB94F7C-E459-4673-AABB-36E2074396C0}.Debug Swds Play|x64.ActiveCfg = Debug Swds Play|Win32
		{CEB94F7C-E459-4673-AABB-36E2074396C0}.Debug Swds Play|x86.ActiveCfg = Debug Swds Play|Win32
		{CEB94F7C-E459-4673-AABB-36E2074396C0}.Debug Swds Play|x86.Build.0 = Debug Swds Play|Win32
		{CEB94F7C-E459-4673-AABB-36E2074396C0}.Debug Swds|x64.ActiveCfg = Debug Swds|Win32
		{CEB94F7C-E459-4673-AABB-36E2074396C0}.Debug Swds|x86.ActiveCfg = Debug Swds|Win32
		{CEB94F7C-E459-4673-AABB-36E2074396C0}.Debug Swds|x86.Build.0 = Debug Swds|Win32
		{CEB94F7C-E459-4673-AABB-36E2074396C0}.Debug|x64.ActiveCfg = Debug|Win32
		{CEB94F7C-E459-4673-AABB-36E2074396C0}.Debug|x86.ActiveCfg = Debug|Win32
		{CEB94F7C-E459-4673-AABB-36E2074396C0}.Debug|x86.Build.0 = Debug|Win32
		{CEB94F7C-E459-4673-AABB-36E2074396C0}.Release|x64.ActiveCfg = Release|Win32
		{CEB94F7C-E459-4673-AABB-36E2074396C0}.Release|x86.ActiveCfg = Release|Win32
		{CEB94F7C-E459-4673-AABB-36E2074396C0}.Release|x86.Build.0 = Release|Win32
		{F9F4E564-A841-41BA-915C-A0BA5499466E}.Debug Swds Play|x64.ActiveCfg = Debug|x64
		{F9F4E564-A841-41BA-915C-A0BA5499466E}.Debug Swds Play|x64.Build.0 = Debug|x64
		{F9F4E564-A841-41BA-915C-A0BA5499466E}.Debug Swds Play|x86.ActiveCfg = Debug|Win32
		{F9F4E564-A841-41BA-915C-A0BA5499466E}.Debug Swds Play|x86.Build.0 = Debug|Win32
		{F9F4E564-A841-41BA-915C-A0BA5499466E}.Debug Swds|x64.ActiveCfg = Debug|x64
		{F9F4E564-A841-41BA-915C-A0BA5499466E}.Debug Swds|x64.Build.0 = Debug|x64
		{F9F4E564-A841-41BA-915C-A0BA5499466E}.Debug Swds|x86.ActiveCfg = Debug|Win32
		{F9F4E564-A841-41BA-915C-A0BA5499466E}.Debug Swds|x86.Build.0 = Debug|Win32
		{F9F4E564-A841-41BA-915C-A0BA5499466E}.Debug|x64.ActiveCfg = Debug|x64
		{F9F4E564-A841-41BA-915C-A0BA5499466E}.Debug|x64.Build.0 = Debug|x64
		{F9F4E564-A841-41BA-915C-A0BA5499466E}.Debug|x86.ActiveCfg = Debug|Win32
		{F9F4E564-A841-41BA-915C-A0BA5499466E}.Debug|x86.Build.0 = Debug|Win32
		{F9F4E564-A841-41BA-915C-A0BA5499466E}.Release|x64.ActiveCfg = Release|x64
		{F9F4E564-A841-41BA-915C-A0BA5499466E}.Release|x64.Build.0 = Release|x64
		{F9F4E564-A841-41BA-915C-A0BA5499466E}.Release|x86.ActiveCfg = Release|Win32
		{F9F4E564-A841-41BA-915C-A0BA5499466E}.Release|x86.Build.0 = Release|Win32
		{F6F0CB17-5EF4-4016-9FB8-09465FEED8B7}.Debug Swds Play|x64.ActiveCfg = Debug|x64
		{F6F0CB17-5EF4-4016-9FB8-09465FEED8B7}.Debug Swds Play|x64.Build.0 = Debug|x64
		{F6F0CB17-5EF4-4016-9FB8-09465FEED8B7}.Debug Swds Play|x86.ActiveCfg = Debug|Win32
		{F6F0CB17-5EF4-4016-9FB8-09465FEED8B7}.Debug Swds Play|x86.Build.0 = Debug|Win32
		{F6F0CB17-5EF4-4016-9FB8-09465FEED8B7}.Debug Swds|x64.ActiveCfg = Debug|x64
		{F6F0CB17-5EF4-4016-9FB8-09465FEED8B7}.Debug Swds|x64.Build.0 = Debug|x64
		{F6F0CB17-5EF4-4016-9FB8-09465FEED8B7}.Debug Swds|x86.ActiveCfg = Debug|Win32
		{F6F0CB17-5EF4-4016-9FB8-09465FEED8B7}.Debug Swds|x86.Build.0 = Debug|Win32
		{F6F0CB17-5EF4-4016-9FB8-09465FEED8B7}.Debug|x64.ActiveCfg = Debug|x64
		{F6F0CB17-5EF4-4016-9FB8-09465FEED8B7}.Debug|x64.Build.0 = Debug|x64
		{F6F0CB17-5EF4-4016-9FB8-09465FEED8B7}.Debug|x86.ActiveCfg = Debug|Win32
		{F6F0CB17-5EF4-4016-9FB8-09465FEED8B7}.Debug|x86.Build.0 = Debug|Win32
		{F6F0CB17-5EF4-4016-9FB8-09465FEED8B7}.Release|x64.ActiveCfg = Release|x64
		{F6F0CB17-5EF4-4016-9FB8-09465FEED8B7}.Release|x64.Build.0 = Release|x64
		{F6F0CB17-5EF4-4016-9FB8-09465FEED8B7}.Release|x86.ActiveCfg = Release|Win32
		{F6F0CB17-5EF4-4016-9FB8-09465FEED8B7}.Release|x86.Build.0 = Release|Win32
		{AA82A845-1E1B-47D5-BCAB-29DECEDEE334}.Debug Swds Play|x64.ActiveCfg = Debug|x64
		{AA82A845-1E1B-47D5-BCAB-29DECEDEE334}.Debug Swds Play|x64.Build.0 = Debug|x64
		{AA82A845-1E1B-47D5-BCAB-29DECEDEE334}.Debug Swds Play|x86.ActiveCfg = Debug|Win32
		{AA82A845-1E1B-47D5-BCAB-29DECEDEE334}.Debug Swds Play|x86.Build.0 = Debug|Win32
		{AA82A845-1E1B-47D5-BCAB-29DECEDEE334}.Debug Swds|x64.ActiveCfg = Debug|x64
		{AA82A845-1E1B-47D5-BCAB-29DECEDEE334}.Debug Swds|x64.Build.0 = Debug|x64
		{AA82A845-1E1B-47D5-BCAB-29DECEDEE334}.Debug Swds|x86.ActiveCfg = Debug|Win32
		{AA82A845-1E1B-47D5-BCAB-29DECEDEE334}.Debug Swds|x86.Build.0 = Debug|Win32
		{AA82A845-1E1B-47D5-BCAB-29DECEDEE334}.Debug|x64.ActiveCfg = Debug|x64
		{AA82A845-1E1B-47D5-BCAB-29DECEDEE334}.Debug|x64.Build.0 = Debug|x64
		{AA82A845-1E1B-47D5-BCAB-29DECEDEE334}.Debug|x86.ActiveCfg = Debug|Win32
		{AA82A845-1E1B-47D5-BCAB-29DECEDEE334}.Debug|x86.Build.0 = Debug|Win32
		{AA82A845-1E1B-47D5-BCAB-29DECEDEE334}.Release|x64.ActiveCfg = Release|x64
		{AA82A845-1E1B-47D5-BCAB-29DECEDEE334}.Release|x64.Build.0 = Release|x64
		{AA82A845-1E1B-47D5-BCAB-29DECEDEE334}.Release|x86.ActiveCfg = Release|Win32
		{AA82A845-1E1B-47D5-BCAB-29DECEDEE334}.Release|x86.Build.0 = Release|Win32
		{F0370920-9F9B-4AA6-BB78-843CBADC765A}.Debug Swds Play|x64.ActiveCfg = Debug|x64
		{F0370920-9F9B-4AA6-BB78-843CBADC765A}.Debug Swds Play|x64.Build.0 = Debug|x64
		{F0370920-9F9B-4AA6-BB78-843CBADC765A}.Debug Swds Play|x86.ActiveCfg = Debug|Win32
		{F0370920-9F9B-4AA6-BB78-843CBADC765A}.Debug Swds Play|x86.Build.0 = Debug|Win32
		{F0370920-9F9B-4AA6-BB78-843CBADC765A}.Debug Swds|x64.ActiveCfg = Debug|x64
		{F0370920-9F9B-4AA6-BB78-843CBADC765A}.Debug Swds|x64.Build.0 = Debug|x64
		{F0370920-9F9B-4AA6-BB78-843CBADC765A}.Debug Swds|x86.ActiveCfg = Debug|Win32
		{F0370920-9F9B-4AA6-BB78-843CBADC765A}.Debug Swds|x86.Build.0 = Debug|Win32
		{F0370920-9F9B-4AA6-BB78-843CBADC765A}.Debug|x64.ActiveCfg = Debug|x64
		{F0370920-9F9B-4AA6-BB78-843CBADC765A}.Debug|x64.Build.0 = Debug|x64
		{F0370920-9F9B-4AA6-BB78-843CBADC765A}.Debug|x86.ActiveCfg = Debug|Win32
		{F0370920-9F9B-4AA6-BB78-843CBADC765A}.Debug|x86.Build.0 = Debug|Win32
		{F0370920-9F9B-4AA6-BB78-843CBADC765A}.Release|x64.ActiveCfg = Release|x64
		{F0370920-9F9B-4AA6-BB78-843CBADC765A}.Release|x64.Build.0 = Release|x64
		{F0370920-9F9B-4AA6-BB78-843CBADC765A}.Release|x86.ActiveCfg = Release|Win32
		{F0370920-9F9B-4AA6-BB78-843CBADC765A}.Release|x86.Build.0 = Release|Win32
		{04E440B6-B0EC-4C85-B176-C86640B2D1CD}.Debug Swds Play|x64.ActiveCfg = Debug|x64
		{04E440B6-B0EC-4C85-B176-C86640B2D1CD}.Debug Swds Play|x64.Build.0 = Debug|x64
		{04E440B6-B0EC-4C85-B176-C86640B2D1CD}.Debug Swds Play|x86.ActiveCfg = Debug|Win32
		{04E440B6-B0EC-4C85-B176-C86640B2D1CD}.Debug Swds Play|x86.Build.0 = Debug|Win32
		{04E440B6-B0EC-4C85-B176-C86640B2D1CD}.Debug Swds|x64.ActiveCfg = Debug|x64
		{04E440B6-B0EC-4C85-B176-C86640B2D1CD}.Debug Swds|x64.Build.0 = Debug|x64
		{04E440B6-B0EC-4C85-B176-C86640B2D1CD}.Debug Swds|x86.ActiveCfg = Debug|Win32
		{04E440B6-B0EC-4C85-B176-C86640B2D1CD}.Debug Swds|x86.Build.0 = Debug|Win32
		{04E440B6-B0EC-4C85-B176-C86640B2D1CD}.Debug|x64.ActiveCfg = Debug|x64
		{04E440B6-B0EC-4C85-B176-C86640B2D1CD}.Debug|x64.Build.0 = Debug|x64
		{04E440B6-B0EC-4C85-B176-C86640B2D1CD}.Debug|x86.ActiveCfg = Debug|Win32
		{04E440B6-B0EC-4C85-B176-C86640B2D1CD}.Debug|x86.Build.0 = Debug|Win32
		{04E440B6-B0EC-4C85-B176-C86640B2D1CD}.Release|x64.ActiveCfg = Release|x64
		{04E440B6-B0EC-4C85-B176-C86640B2D1CD}.Release|x64.Build.0 = Release|x64
		{04E440B6-B0EC-4C85-B176-C86640B2D1CD}.Release|x86.ActiveCfg = Release|Win32
		{04E440B6-B0EC-4C85-B176-C86640B2D1CD}.Release|x86.Build.0 = Release|Win32
		{19824225-3CF5-45F2-A4F0-D3A53C4AB511}.Debug Swds Play|x64.ActiveCfg = Debug|x64
		{19824225-3CF5-45F2-A4F0-D3A53C4AB511}.Debug Swds Play|x64.Build.0 = Debug|x64
		{19824225-3CF5-45F2-A4F0-D3A53C4AB511}.Debug Swds Play|x86.ActiveCfg = Debug|Win32
		{19824225-3CF5-45F2-A4F0-D3A53C4AB511}.Debug Swds Play|x86.Build.0 = Debug|Win32
		{19824225-3CF5-45F2-A4F0-D3A53C4AB511}.Debug Swds|x64.ActiveCfg = Debug|x64
		{19824225-3CF5-45F2-A4F0-D3A53C4AB511}.Debug Swds|x64.Build.0 = Debug|x64
		{19824225-3CF5-45F2-A4F0-D3A53C4AB511}.Debug Swds|x86.ActiveCfg = Debug|Win32
		{19824225-3CF5-45F2-A4F0-D3A53C4AB511}.Debug Swds|x86.Build.0 = Debug|Win32
		{19824225-3CF5-45F2-A4F0-D3A53C4AB511}.Debug|x64.ActiveCfg = Debug|x64
		{19824225-3CF5-45F2-A4F0-D3A53C4AB511}.Debug|x64.Build.0 = Debug|x64
		{19824225-3CF5-45F2-A4F0-D3A53C4AB511}.Debug|x86.ActiveCfg = Debug|Win32
		{19824225-3CF5-45F2-A4F0-D3A53C4AB511}.Debug|x86.Build.0 = Debug|Win32
		{19824225-3CF5-45F2-A4F0-D3A53C4AB511}.Release|x64.ActiveCfg = Release|x64
		{19824225-3CF5-45F2-A4F0-D3A53C4AB511}.Release|x64.Build.0 = Release|x64
		{19824225-3CF5-45F2-A4F0-D3A53C4AB511}.Release|x86.ActiveCfg = Release|Win32
		{19824225-3CF5-45F2-A4F0-D3A53C4AB511}.Release|x86.Build.0 = Release|Win32
	EndGlobalSection
	GlobalSection(SolutionProperties) = preSolution
		HideSolutionNode = FALSE
	EndGlobalSection
EndGlobal
